
Microsoft Visual Studio Solution File, Format Version 12.00
# Visual Studio Version 17
VisualStudioVersion = 17.6.33829.357
MinimumVisualStudioVersion = 10.0.40219.1
Project("{FAE04EC0-301F-11D3-BF4B-00C04F79EFBC}") = "ElementoMultimediale", "ElementoMultimediale\ElementoMultimediale.csproj", "{4E82E7D0-71E4-47D6-BC86-CD892DE79F67}"
EndProject
Global
	GlobalSection(SolutionConfigurationPlatforms) = preSolution
		Debug|Any CPU = Debug|Any CPU
		Release|Any CPU = Release|Any CPU
	EndGlobalSection
	GlobalSection(ProjectConfigurationPlatforms) = postSolution
		{4E82E7D0-71E4-47D6-BC86-CD892DE79F67}.Debug|Any CPU.ActiveCfg = Debug|Any CPU
		{4E82E7D0-71E4-47D6-BC86-CD892DE79F67}.Debug|Any CPU.Build.0 = Debug|Any CPU
		{4E82E7D0-71E4-47D6-BC86-CD892DE79F67}.Release|Any CPU.ActiveCfg = Release|Any CPU
		{4E82E7D0-71E4-47D6-BC86-CD892DE79F67}.Release|Any CPU.Build.0 = Release|Any CPU
	EndGlobalSection
	GlobalSection(SolutionProperties) = preSolution
		HideSolutionNode = FALSE
	EndGlobalSection
	GlobalSection(ExtensibilityGlobals) = postSolution
		SolutionGuid = {FE295C0F-2C68-4246-9BE3-F4783604CD4B}
	EndGlobalSection
EndGlobal
